
Microsoft Visual Studio Solution File, Format Version 12.00
# Visual Studio Version 16
VisualStudioVersion = 16.0.32002.261
MinimumVisualStudioVersion = 10.0.40219.1
Project("{FAE04EC0-301F-11D3-BF4B-00C04F79EFBC}") = "Görüntü_Isleme_Proje", "Görüntü_Isleme_Proje\Görüntü_Isleme_Proje.csproj", "{434419F5-397D-4F3D-BBFB-F95207FF478F}"
EndProject
Global
	GlobalSection(SolutionConfigurationPlatforms) = preSolution
		Debug|Any CPU = Debug|Any CPU
		Release|Any CPU = Release|Any CPU
	EndGlobalSection
	GlobalSection(ProjectConfigurationPlatforms) = postSolution
		{434419F5-397D-4F3D-BBFB-F95207FF478F}.Debug|Any CPU.ActiveCfg = Debug|Any CPU
		{434419F5-397D-4F3D-BBFB-F95207FF478F}.Debug|Any CPU.Build.0 = Debug|Any CPU
		{434419F5-397D-4F3D-BBFB-F95207FF478F}.Release|Any CPU.ActiveCfg = Release|Any CPU
		{434419F5-397D-4F3D-BBFB-F95207FF478F}.Release|Any CPU.Build.0 = Release|Any CPU
	EndGlobalSection
	GlobalSection(SolutionProperties) = preSolution
		HideSolutionNode = FALSE
	EndGlobalSection
	GlobalSection(ExtensibilityGlobals) = postSolution
		SolutionGuid = {696B09DD-03F9-41B4-8185-55D7A0C4B1B8}
	EndGlobalSection
EndGlobal
